
Microsoft Visual Studio Solution File, Format Version 12.00
# Visual Studio Version 17
VisualStudioVersion = 17.4.33122.133
MinimumVisualStudioVersion = 10.0.40219.1
Project("{FAE04EC0-301F-11D3-BF4B-00C04F79EFBC}") = "Spacebardesktop", "Spacebardesktop\Spacebardesktop.csproj", "{4414D0D3-0014-483D-9D90-ACB98725E27F}"
EndProject
Global
	GlobalSection(SolutionConfigurationPlatforms) = preSolution
		Debug|Any CPU = Debug|Any CPU
		Release|Any CPU = Release|Any CPU
	EndGlobalSection
	GlobalSection(ProjectConfigurationPlatforms) = postSolution
		{4414D0D3-0014-483D-9D90-ACB98725E27F}.Debug|Any CPU.ActiveCfg = Debug|Any CPU
		{4414D0D3-0014-483D-9D90-ACB98725E27F}.Debug|Any CPU.Build.0 = Debug|Any CPU
		{4414D0D3-0014-483D-9D90-ACB98725E27F}.Release|Any CPU.ActiveCfg = Release|Any CPU
		{4414D0D3-0014-483D-9D90-ACB98725E27F}.Release|Any CPU.Build.0 = Release|Any CPU
	EndGlobalSection
	GlobalSection(SolutionProperties) = preSolution
		HideSolutionNode = FALSE
	EndGlobalSection
	GlobalSection(ExtensibilityGlobals) = postSolution
		SolutionGuid = {D9F4D649-D587-4F05-965E-4CBB10B70C2C}
	EndGlobalSection
EndGlobal
